
Microsoft Visual Studio Solution File, Format Version 12.00
# Visual Studio Version 16
VisualStudioVersion = 25.0.1706.11
MinimumVisualStudioVersion = 10.0.40219.1
Project("{FAE04EC0-301F-11D3-BF4B-00C04F79EFBC}") = "astra-protocol-x-parser-net6", "astra-protocol-x-parser-net6.csproj", "{05B8D94F-F715-41F5-AC4C-E6877C1C5FBF}"
EndProject
Global
	GlobalSection(SolutionConfigurationPlatforms) = preSolution
		Debug|Any CPU = Debug|Any CPU
		Release|Any CPU = Release|Any CPU
	EndGlobalSection
	GlobalSection(ProjectConfigurationPlatforms) = postSolution
		{05B8D94F-F715-41F5-AC4C-E6877C1C5FBF}.Debug|Any CPU.ActiveCfg = Debug|Any CPU
		{05B8D94F-F715-41F5-AC4C-E6877C1C5FBF}.Debug|Any CPU.Build.0 = Debug|Any CPU
		{05B8D94F-F715-41F5-AC4C-E6877C1C5FBF}.Release|Any CPU.ActiveCfg = Release|Any CPU
		{05B8D94F-F715-41F5-AC4C-E6877C1C5FBF}.Release|Any CPU.Build.0 = Release|Any CPU
	EndGlobalSection
	GlobalSection(SolutionProperties) = preSolution
		HideSolutionNode = FALSE
	EndGlobalSection
	GlobalSection(ExtensibilityGlobals) = postSolution
		SolutionGuid = {A921D738-D19F-4D54-8730-9DCD7466B191}
	EndGlobalSection
EndGlobal
